// !$*UTF8*$!
{
	archiveVersion = 1;
	classes = {
	};
	objectVersion = 46;
	objects = {

/* Begin PBXBuildFile section */
		B4CA97E619E53C2300ECEC58 /* AppDelegate.swift in Sources */ = {isa = PBXBuildFile; fileRef = B4CA97E519E53C2300ECEC58 /* AppDelegate.swift */; };
		B4CA97E819E53C2300ECEC58 /* ViewController.swift in Sources */ = {isa = PBXBuildFile; fileRef = B4CA97E719E53C2300ECEC58 /* ViewController.swift */; };
		B4CA97EB19E53C2300ECEC58 /* Main.storyboard in Resources */ = {isa = PBXBuildFile; fileRef = B4CA97E919E53C2300ECEC58 /* Main.storyboard */; };
		B4CA97ED19E53C2300ECEC58 /* Images.xcassets in Resources */ = {isa = PBXBuildFile; fileRef = B4CA97EC19E53C2300ECEC58 /* Images.xcassets */; };
		B4CA97F019E53C2300ECEC58 /* LaunchScreen.xib in Resources */ = {isa = PBXBuildFile; fileRef = B4CA97EE19E53C2300ECEC58 /* LaunchScreen.xib */; };
		B4CA97FC19E53C2300ECEC58 /* _9RedBaloonsTests.swift in Sources */ = {isa = PBXBuildFile; fileRef = B4CA97FB19E53C2300ECEC58 /* _9RedBaloonsTests.swift */; };
		B4CA980A19E53CB800ECEC58 /* BerlinTVTower.jpg in Resources */ = {isa = PBXBuildFile; fileRef = B4CA980519E53CB800ECEC58 /* BerlinTVTower.jpg */; };
		B4CA980B19E53CB800ECEC58 /* RedBalloon1.jpg in Resources */ = {isa = PBXBuildFile; fileRef = B4CA980619E53CB800ECEC58 /* RedBalloon1.jpg */; };
		B4CA980C19E53CB800ECEC58 /* RedBalloon2.jpg in Resources */ = {isa = PBXBuildFile; fileRef = B4CA980719E53CB800ECEC58 /* RedBalloon2.jpg */; };
		B4CA980D19E53CB800ECEC58 /* RedBalloon3.jpg in Resources */ = {isa = PBXBuildFile; fileRef = B4CA980819E53CB800ECEC58 /* RedBalloon3.jpg */; };
		B4CA980E19E53CB800ECEC58 /* RedBalloon4.jpg in Resources */ = {isa = PBXBuildFile; fileRef = B4CA980919E53CB800ECEC58 /* RedBalloon4.jpg */; };
		B4CA981019E53CDF00ECEC58 /* Balloon.swift in Sources */ = {isa = PBXBuildFile; fileRef = B4CA980F19E53CDF00ECEC58 /* Balloon.swift */; };
/* End PBXBuildFile section */

/* Begin PBXContainerItemProxy section */
		B4CA97F619E53C2300ECEC58 /* PBXContainerItemProxy */ = {
			isa = PBXContainerItemProxy;
			containerPortal = B4CA97D819E53C2300ECEC58 /* Project object */;
			proxyType = 1;
			remoteGlobalIDString = B4CA97DF19E53C2300ECEC58;
			remoteInfo = 99RedBaloons;
		};
/* End PBXContainerItemProxy section */

/* Begin PBXFileReference section */
		B4CA97E019E53C2300ECEC58 /* 99RedBaloons.app */ = {isa = PBXFileReference; explicitFileType = wrapper.application; includeInIndex = 0; path = 99RedBaloons.app; sourceTree = BUILT_PRODUCTS_DIR; };
		B4CA97E419E53C2300ECEC58 /* Info.plist */ = {isa = PBXFileReference; lastKnownFileType = text.plist.xml; path = Info.plist; sourceTree = "<group>"; };
		B4CA97E519E53C2300ECEC58 /* AppDelegate.swift */ = {isa = PBXFileReference; lastKnownFileType = sourcecode.swift; path = AppDelegate.swift; sourceTree = "<group>"; };
		B4CA97E719E53C2300ECEC58 /* ViewController.swift */ = {isa = PBXFileReference; lastKnownFileType = sourcecode.swift; path = ViewController.swift; sourceTree = "<group>"; };
		B4CA97EA19E53C2300ECEC58 /* Base */ = {isa = PBXFileReference; lastKnownFileType = file.storyboard; name = Base; path = Base.lproj/Main.storyboard; sourceTree = "<group>"; };
		B4CA97EC19E53C2300ECEC58 /* Images.xcassets */ = {isa = PBXFileReference; lastKnownFileType = folder.assetcatalog; path = Images.xcassets; sourceTree = "<group>"; };
		B4CA97EF19E53C2300ECEC58 /* Base */ = {isa = PBXFileReference; lastKnownFileType = file.xib; name = Base; path = Base.lproj/LaunchScreen.xib; sourceTree = "<group>"; };
		B4CA97F519E53C2300ECEC58 /* 99RedBaloonsTests.xctest */ = {isa = PBXFileReference; explicitFileType = wrapper.cfbundle; includeInIndex = 0; path = 99RedBaloonsTests.xctest; sourceTree = BUILT_PRODUCTS_DIR; };
		B4CA97FA19E53C2300ECEC58 /* Info.plist */ = {isa = PBXFileReference; lastKnownFileType = text.plist.xml; path = Info.plist; sourceTree = "<group>"; };
		B4CA97FB19E53C2300ECEC58 /* _9RedBaloonsTests.swift */ = {isa = PBXFileReference; lastKnownFileType = sourcecode.swift; path = _9RedBaloonsTests.swift; sourceTree = "<group>"; };
		B4CA980519E53CB800ECEC58 /* BerlinTVTower.jpg */ = {isa = PBXFileReference; lastKnownFileType = image.jpeg; path = BerlinTVTower.jpg; sourceTree = "<group>"; };
		B4CA980619E53CB800ECEC58 /* RedBalloon1.jpg */ = {isa = PBXFileReference; lastKnownFileType = image.jpeg; path = RedBalloon1.jpg; sourceTree = "<group>"; };
		B4CA980719E53CB800ECEC58 /* RedBalloon2.jpg */ = {isa = PBXFileReference; lastKnownFileType = image.jpeg; path = RedBalloon2.jpg; sourceTree = "<group>"; };
		B4CA980819E53CB800ECEC58 /* RedBalloon3.jpg */ = {isa = PBXFileReference; lastKnownFileType = image.jpeg; path = RedBalloon3.jpg; sourceTree = "<group>"; };
		B4CA980919E53CB800ECEC58 /* RedBalloon4.jpg */ = {isa = PBXFileReference; lastKnownFileType = image.jpeg; path = RedBalloon4.jpg; sourceTree = "<group>"; };
		B4CA980F19E53CDF00ECEC58 /* Balloon.swift */ = {isa = PBXFileReference; fileEncoding = 4; lastKnownFileType = sourcecode.swift; path = Balloon.swift; sourceTree = "<group>"; };
/* End PBXFileReference section */

/* Begin PBXFrameworksBuildPhase section */
		B4CA97DD19E53C2300ECEC58 /* Frameworks */ = {
			isa = PBXFrameworksBuildPhase;
			buildActionMask = 2147483647;
			files = (
			);
			runOnlyForDeploymentPostprocessing = 0;
		};
		B4CA97F219E53C2300ECEC58 /* Frameworks */ = {
			isa = PBXFrameworksBuildPhase;
			buildActionMask = 2147483647;
			files = (
			);
			runOnlyForDeploymentPostprocessing = 0;
		};
/* End PBXFrameworksBuildPhase section */

/* Begin PBXGroup section */
		B4CA97D719E53C2300ECEC58 = {
			isa = PBXGroup;
			children = (
				B4CA97E219E53C2300ECEC58 /* 99RedBaloons */,
				B4CA97F819E53C2300ECEC58 /* 99RedBaloonsTests */,
				B4CA97E119E53C2300ECEC58 /* Products */,
			);
			sourceTree = "<group>";
		};
		B4CA97E119E53C2300ECEC58 /* Products */ = {
			isa = PBXGroup;
			children = (
				B4CA97E019E53C2300ECEC58 /* 99RedBaloons.app */,
				B4CA97F519E53C2300ECEC58 /* 99RedBaloonsTests.xctest */,
			);
			name = Products;
			sourceTree = "<group>";
		};
		B4CA97E219E53C2300ECEC58 /* 99RedBaloons */ = {
			isa = PBXGroup;
			children = (
				B4CA97E519E53C2300ECEC58 /* AppDelegate.swift */,
				B4CA97E719E53C2300ECEC58 /* ViewController.swift */,
				B4CA980F19E53CDF00ECEC58 /* Balloon.swift */,
				B4CA97E919E53C2300ECEC58 /* Main.storyboard */,
				B4CA97EC19E53C2300ECEC58 /* Images.xcassets */,
				B4CA97EE19E53C2300ECEC58 /* LaunchScreen.xib */,
				B4CA97E319E53C2300ECEC58 /* Supporting Files */,
			);
			path = 99RedBaloons;
			sourceTree = "<group>";
		};
		B4CA97E319E53C2300ECEC58 /* Supporting Files */ = {
			isa = PBXGroup;
			children = (
				B4CA980519E53CB800ECEC58 /* BerlinTVTower.jpg */,
				B4CA980619E53CB800ECEC58 /* RedBalloon1.jpg */,
				B4CA980719E53CB800ECEC58 /* RedBalloon2.jpg */,
				B4CA980819E53CB800ECEC58 /* RedBalloon3.jpg */,
				B4CA980919E53CB800ECEC58 /* RedBalloon4.jpg */,
				B4CA97E419E53C2300ECEC58 /* Info.plist */,
			);
			name = "Supporting Files";
			sourceTree = "<group>";
		};
		B4CA97F819E53C2300ECEC58 /* 99RedBaloonsTests */ = {
			isa = PBXGroup;
			children = (
				B4CA97FB19E53C2300ECEC58 /* _9RedBaloonsTests.swift */,
				B4CA97F919E53C2300ECEC58 /* Supporting Files */,
			);
			path = 99RedBaloonsTests;
			sourceTree = "<group>";
		};
		B4CA97F919E53C2300ECEC58 /* Supporting Files */ = {
			isa = PBXGroup;
			children = (
				B4CA97FA19E53C2300ECEC58 /* Info.plist */,
			);
			name = "Supporting Files";
			sourceTree = "<group>";
		};
/* End PBXGroup section */

/* Begin PBXNativeTarget section */
		B4CA97DF19E53C2300ECEC58 /* 99RedBaloons */ = {
			isa = PBXNativeTarget;
			buildConfigurationList = B4CA97FF19E53C2300ECEC58 /* Build configuration list for PBXNativeTarget "99RedBaloons" */;
			buildPhases = (
				B4CA97DC19E53C2300ECEC58 /* Sources */,
				B4CA97DD19E53C2300ECEC58 /* Frameworks */,
				B4CA97DE19E53C2300ECEC58 /* Resources */,
			);
			buildRules = (
			);
			dependencies = (
			);
			name = 99RedBaloons;
			productName = 99RedBaloons;
			productReference = B4CA97E019E53C2300ECEC58 /* 99RedBaloons.app */;
			productType = "com.apple.product-type.application";
		};
		B4CA97F419E53C2300ECEC58 /* 99RedBaloonsTests */ = {
			isa = PBXNativeTarget;
			buildConfigurationList = B4CA980219E53C2300ECEC58 /* Build configuration list for PBXNativeTarget "99RedBaloonsTests" */;
			buildPhases = (
				B4CA97F119E53C2300ECEC58 /* Sources */,
				B4CA97F219E53C2300ECEC58 /* Frameworks */,
				B4CA97F319E53C2300ECEC58 /* Resources */,
			);
			buildRules = (
			);
			dependencies = (
				B4CA97F719E53C2300ECEC58 /* PBXTargetDependency */,
			);
			name = 99RedBaloonsTests;
			productName = 99RedBaloonsTests;
			productReference = B4CA97F519E53C2300ECEC58 /* 99RedBaloonsTests.xctest */;
			productType = "com.apple.product-type.bundle.unit-test";
		};
/* End PBXNativeTarget section */

/* Begin PBXProject section */
		B4CA97D819E53C2300ECEC58 /* Project object */ = {
			isa = PBXProject;
			attributes = {
				LastUpgradeCheck = 0600;
				ORGANIZATIONNAME = Duoyun;
				TargetAttributes = {
					B4CA97DF19E53C2300ECEC58 = {
						CreatedOnToolsVersion = 6.0.1;
					};
					B4CA97F419E53C2300ECEC58 = {
						CreatedOnToolsVersion = 6.0.1;
						TestTargetID = B4CA97DF19E53C2300ECEC58;
					};
				};
			};
			buildConfigurationList = B4CA97DB19E53C2300ECEC58 /* Build configuration list for PBXProject "99RedBaloons" */;
			compatibilityVersion = "Xcode 3.2";
			developmentRegion = English;
			hasScannedForEncodings = 0;
			knownRegions = (
				en,
				Base,
			);
			mainGroup = B4CA97D719E53C2300ECEC58;
			productRefGroup = B4CA97E119E53C2300ECEC58 /* Products */;
			projectDirPath = "";
			projectRoot = "";
			targets = (
				B4CA97DF19E53C2300ECEC58 /* 99RedBaloons */,
				B4CA97F419E53C2300ECEC58 /* 99RedBaloonsTests */,
			);
		};
/* End PBXProject section */

/* Begin PBXResourcesBuildPhase section */
		B4CA97DE19E53C2300ECEC58 /* Resources */ = {
			isa = PBXResourcesBuildPhase;
			buildActionMask = 2147483647;
			files = (
				B4CA980C19E53CB800ECEC58 /* RedBalloon2.jpg in Resources */,
				B4CA97EB19E53C2300ECEC58 /* Main.storyboard in Resources */,
				B4CA980D19E53CB800ECEC58 /* RedBalloon3.jpg in Resources */,
				B4CA97F019E53C2300ECEC58 /* LaunchScreen.xib in Resources */,
				B4CA980E19E53CB800ECEC58 /* RedBalloon4.jpg in Resources */,
				B4CA97ED19E53C2300ECEC58 /* Images.xcassets in Resources */,
				B4CA980B19E53CB800ECEC58 /* RedBalloon1.jpg in Resources */,
				B4CA980A19E53CB800ECEC58 /* BerlinTVTower.jpg in Resources */,
			);
			runOnlyForDeploymentPostprocessing = 0;
		};
		B4CA97F319E53C2300ECEC58 /* Resources */ = {
			isa = PBXResourcesBuildPhase;
			buildActionMask = 2147483647;
			files = (
			);
			runOnlyForDeploymentPostprocessing = 0;
		};
/* End PBXResourcesBuildPhase section */

/* Begin PBXSourcesBuildPhase section */
		B4CA97DC19E53C2300ECEC58 /* Sources */ = {
			isa = PBXSourcesBuildPhase;
			buildActionMask = 2147483647;
			files = (
				B4CA97E819E53C2300ECEC58 /* ViewController.swift in Sources */,
				B4CA981019E53CDF00ECEC58 /* Balloon.swift in Sources */,
				B4CA97E619E53C2300ECEC58 /* AppDelegate.swift in Sources */,
			);
			runOnlyForDeploymentPostprocessing = 0;
		};
		B4CA97F119E53C2300ECEC58 /* Sources */ = {
			isa = PBXSourcesBuildPhase;
			buildActionMask = 2147483647;
			files = (
				B4CA97FC19E53C2300ECEC58 /* _9RedBaloonsTests.swift in Sources */,
			);
			runOnlyForDeploymentPostprocessing = 0;
		};
/* End PBXSourcesBuildPhase section */

/* Begin PBXTargetDependency section */
		B4CA97F719E53C2300ECEC58 /* PBXTargetDependency */ = {
			isa = PBXTargetDependency;
			target = B4CA97DF19E53C2300ECEC58 /* 99RedBaloons */;
			targetProxy = B4CA97F619E53C2300ECEC58 /* PBXContainerItemProxy */;
		};
/* End PBXTargetDependency section */

/* Begin PBXVariantGroup section */
		B4CA97E919E53C2300ECEC58 /* Main.storyboard */ = {
			isa = PBXVariantGroup;
			children = (
				B4CA97EA19E53C2300ECEC58 /* Base */,
			);
			name = Main.storyboard;
			sourceTree = "<group>";
		};
		B4CA97EE19E53C2300ECEC58 /* LaunchScreen.xib */ = {
			isa = PBXVariantGroup;
			children = (
				B4CA97EF19E53C2300ECEC58 /* Base */,
			);
			name = LaunchScreen.xib;
			sourceTree = "<group>";
		};
/* End PBXVariantGroup section */

/* Begin XCBuildConfiguration section */
		B4CA97FD19E53C2300ECEC58 /* Debug */ = {
			isa = XCBuildConfiguration;
			buildSettings = {
				ALWAYS_SEARCH_USER_PATHS = NO;
				CLANG_CXX_LANGUAGE_STANDARD = "gnu++0x";
				CLANG_CXX_LIBRARY = "libc++";
				CLANG_ENABLE_MODULES = YES;
				CLANG_ENABLE_OBJC_ARC = YES;
				CLANG_WARN_BOOL_CONVERSION = YES;
				CLANG_WARN_CONSTANT_CONVERSION = YES;
				CLANG_WARN_DIRECT_OBJC_ISA_USAGE = YES_ERROR;
				CLANG_WARN_EMPTY_BODY = YES;
				CLANG_WARN_ENUM_CONVERSION = YES;
				CLANG_WARN_INT_CONVERSION = YES;
				CLANG_WARN_OBJC_ROOT_CLASS = YES_ERROR;
				CLANG_WARN_UNREACHABLE_CODE = YES;
				CLANG_WARN__DUPLICATE_METHOD_MATCH = YES;
				"CODE_SIGN_IDENTITY[sdk=iphoneos*]" = "iPhone Developer";
				COPY_PHASE_STRIP = NO;
				ENABLE_STRICT_OBJC_MSGSEND = YES;
				GCC_C_LANGUAGE_STANDARD = gnu99;
				GCC_DYNAMIC_NO_PIC = NO;
				GCC_OPTIMIZATION_LEVEL = 0;
				GCC_PREPROCESSOR_DEFINITIONS = (
					"DEBUG=1",
					"$(inherited)",
				);
				GCC_SYMBOLS_PRIVATE_EXTERN = NO;
				GCC_WARN_64_TO_32_BIT_CONVERSION = YES;
				GCC_WARN_ABOUT_RETURN_TYPE = YES_ERROR;
				GCC_WARN_UNDECLARED_SELECTOR = YES;
				GCC_WARN_UNINITIALIZED_AUTOS = YES_AGGRESSIVE;
				GCC_WARN_UNUSED_FUNCTION = YES;
				GCC_WARN_UNUSED_VARIABLE = YES;
				IPHONEOS_DEPLOYMENT_TARGET = 8.0;
				MTL_ENABLE_DEBUG_INFO = YES;
				ONLY_ACTIVE_ARCH = YES;
				SDKROOT = iphoneos;
				SWIFT_OPTIMIZATION_LEVEL = "-Onone";
			};
			name = Debug;
		};
		B4CA97FE19E53C2300ECEC58 /* Release */ = {
			isa = XCBuildConfiguration;
			buildSettings = {
				ALWAYS_SEARCH_USER_PATHS = NO;
				CLANG_CXX_LANGUAGE_STANDARD = "gnu++0x";
				CLANG_CXX_LIBRARY = "libc++";
				CLANG_ENABLE_MODULES = YES;
				CLANG_ENABLE_OBJC_ARC = YES;
				CLANG_WARN_BOOL_CONVERSION = YES;
				CLANG_WARN_CONSTANT_CONVERSION = YES;
				CLANG_WARN_DIRECT_OBJC_ISA_USAGE = YES_ERROR;
				CLANG_WARN_EMPTY_BODY = YES;
				CLANG_WARN_ENUM_CONVERSION = YES;
				CLANG_WARN_INT_CONVERSION = YES;
				CLANG_WARN_OBJC_ROOT_CLASS = YES_ERROR;
				CLANG_WARN_UNREACHABLE_CODE = YES;
				CLANG_WARN__DUPLICATE_METHOD_MATCH = YES;
				"CODE_SIGN_IDENTITY[sdk=iphoneos*]" = "iPhone Developer";
				COPY_PHASE_STRIP = YES;
				ENABLE_NS_ASSERTIONS = NO;
				ENABLE_STRICT_OBJC_MSGSEND = YES;
				GCC_C_LANGUAGE_STANDARD = gnu99;
				GCC_WARN_64_TO_32_BIT_CONVERSION = YES;
				GCC_WARN_ABOUT_RETURN_TYPE = YES_ERROR;
				GCC_WARN_UNDECLARED_SELECTOR = YES;
				GCC_WARN_UNINITIALIZED_AUTOS = YES_AGGRESSIVE;
				GCC_WARN_UNUSED_FUNCTION = YES;
				GCC_WARN_UNUSED_VARIABLE = YES;
				IPHONEOS_DEPLOYMENT_TARGET = 8.0;
				MTL_ENABLE_DEBUG_INFO = NO;
				SDKROOT = iphoneos;
				VALIDATE_PRODUCT = YES;
			};
			name = Release;
		};
		B4CA980019E53C2300ECEC58 /* Debug */ = {
			isa = XCBuildConfiguration;
			buildSettings = {
				ASSETCATALOG_COMPILER_APPICON_NAME = AppIcon;
				INFOPLIST_FILE = 99RedBaloons/Info.plist;
				LD_RUNPATH_SEARCH_PATHS = "$(inherited) @executable_path/Frameworks";
				PRODUCT_NAME = "$(TARGET_NAME)";
			};
			name = Debug;
		};
		B4CA980119E53C2300ECEC58 /* Release */ = {
			isa = XCBuildConfiguration;
			buildSettings = {
				ASSETCATALOG_COMPILER_APPICON_NAME = AppIcon;
				INFOPLIST_FILE = 99RedBaloons/Info.plist;
				LD_RUNPATH_SEARCH_PATHS = "$(inherited) @executable_path/Frameworks";
				PRODUCT_NAME = "$(TARGET_NAME)";
			};
			name = Release;
		};
		B4CA980319E53C2300ECEC58 /* Debug */ = {
			isa = XCBuildConfiguration;
			buildSettings = {
				BUNDLE_LOADER = "$(TEST_HOST)";
				FRAMEWORK_SEARCH_PATHS = (
					"$(SDKROOT)/Developer/Library/Frameworks",
					"$(inherited)",
				);
				GCC_PREPROCESSOR_DEFINITIONS = (
					"DEBUG=1",
					"$(inherited)",
				);
				INFOPLIST_FILE = 99RedBaloonsTests/Info.plist;
				LD_RUNPATH_SEARCH_PATHS = "$(inherited) @executable_path/Frameworks @loader_path/Frameworks";
				PRODUCT_NAME = "$(TARGET_NAME)";
				TEST_HOST = "$(BUILT_PRODUCTS_DIR)/99RedBaloons.app/99RedBaloons";
			};
			name = Debug;
		};
		B4CA980419E53C2300ECEC58 /* Release */ = {
			isa = XCBuildConfiguration;
			buildSettings = {
				BUNDLE_LOADER = "$(TEST_HOST)";
				FRAMEWORK_SEARCH_PATHS = (
					"$(SDKROOT)/Developer/Library/Frameworks",
					"$(inherited)",
				);
				INFOPLIST_FILE = 99RedBaloonsTests/Info.plist;
				LD_RUNPATH_SEARCH_PATHS = "$(inherited) @executable_path/Frameworks @loader_path/Frameworks";
				PRODUCT_NAME = "$(TARGET_NAME)";
				TEST_HOST = "$(BUILT_PRODUCTS_DIR)/99RedBaloons.app/99RedBaloons";
			};
			name = Release;
		};
/* End XCBuildConfiguration section */

/* Begin XCConfigurationList section */
		B4CA97DB19E53C2300ECEC58 /* Build configuration list for PBXProject "99RedBaloons" */ = {
			isa = XCConfigurationList;
			buildConfigurations = (
				B4CA97FD19E53C2300ECEC58 /* Debug */,
				B4CA97FE19E53C2300ECEC58 /* Release */,
			);
			defaultConfigurationIsVisible = 0;
			defaultConfigurationName = Release;
		};
		B4CA97FF19E53C2300ECEC58 /* Build configuration list for PBXNativeTarget "99RedBaloons" */ = {
			isa = XCConfigurationList;
			buildConfigurations = (
				B4CA980019E53C2300ECEC58 /* Debug */,
				B4CA980119E53C2300ECEC58 /* Release */,
			);
			defaultConfigurationIsVisible = 0;
		};
		B4CA980219E53C2300ECEC58 /* Build configuration list for PBXNativeTarget "99RedBaloonsTests" */ = {
			isa = XCConfigurationList;
			buildConfigurations = (
				B4CA980319E53C2300ECEC58 /* Debug */,
				B4CA980419E53C2300ECEC58 /* Release */,
			);
			defaultConfigurationIsVisible = 0;
		};
/* End XCConfigurationList section */
	};
	rootObject = B4CA97D819E53C2300ECEC58 /* Project object */;
}
